
Microsoft Visual Studio Solution File, Format Version 12.00
# Visual Studio Version 17
VisualStudioVersion = 17.7.34024.191
MinimumVisualStudioVersion = 10.0.40219.1
Project("{FAE04EC0-301F-11D3-BF4B-00C04F79EFBC}") = "AUT02_03_Hybrid", "AUT02_03_Hybrid\AUT02_03_Hybrid.csproj", "{12DB4B0C-4ECF-462A-9AB7-57B82C123A52}"
EndProject
Global
	GlobalSection(SolutionConfigurationPlatforms) = preSolution
		Debug|Any CPU = Debug|Any CPU
		Release|Any CPU = Release|Any CPU
	EndGlobalSection
	GlobalSection(ProjectConfigurationPlatforms) = postSolution
		{12DB4B0C-4ECF-462A-9AB7-57B82C123A52}.Debug|Any CPU.ActiveCfg = Debug|Any CPU
		{12DB4B0C-4ECF-462A-9AB7-57B82C123A52}.Debug|Any CPU.Build.0 = Debug|Any CPU
		{12DB4B0C-4ECF-462A-9AB7-57B82C123A52}.Release|Any CPU.ActiveCfg = Release|Any CPU
		{12DB4B0C-4ECF-462A-9AB7-57B82C123A52}.Release|Any CPU.Build.0 = Release|Any CPU
	EndGlobalSection
	GlobalSection(SolutionProperties) = preSolution
		HideSolutionNode = FALSE
	EndGlobalSection
	GlobalSection(ExtensibilityGlobals) = postSolution
		SolutionGuid = {89D9E319-D463-4CBF-B371-2A8ADA21A9CB}
	EndGlobalSection
EndGlobal
