
Microsoft Visual Studio Solution File, Format Version 12.00
# Visual Studio Version 17
VisualStudioVersion = 17.3.32825.248
MinimumVisualStudioVersion = 10.0.40219.1
Project("{9A19103F-16F7-4668-BE54-9A1E7A4F7556}") = "String01", "String01\String01.csproj", "{7370A616-350C-41A7-A228-2A18A7D3C655}"
EndProject
Project("{9A19103F-16F7-4668-BE54-9A1E7A4F7556}") = "String02", "String02\String02.csproj", "{CC7F125C-C400-463C-A802-06B1FABFC42E}"
EndProject
Project("{9A19103F-16F7-4668-BE54-9A1E7A4F7556}") = "String03", "String03\String03.csproj", "{86D33AF0-4320-48AA-A15E-AA85F28338C1}"
EndProject
Project("{9A19103F-16F7-4668-BE54-9A1E7A4F7556}") = "String04", "String04\String04.csproj", "{71961D96-EAA1-480F-AE7C-6E3825E10DD1}"
EndProject
Project("{9A19103F-16F7-4668-BE54-9A1E7A4F7556}") = "String05", "String05\String05.csproj", "{6750994D-5B5A-4D3E-9AB5-21EF4FD77F4E}"
EndProject
Project("{9A19103F-16F7-4668-BE54-9A1E7A4F7556}") = "String06", "String06\String06.csproj", "{7099BF0F-FA6A-4B9A-A081-287CCD70AA54}"
EndProject
Project("{9A19103F-16F7-4668-BE54-9A1E7A4F7556}") = "String07", "String07\String07.csproj", "{FB80571E-DF9A-4459-8679-D91223FD1EF9}"
EndProject
Project("{9A19103F-16F7-4668-BE54-9A1E7A4F7556}") = "String08", "String08\String08.csproj", "{3F481DCE-A3F5-4AC2-90ED-C1C68E0BC230}"
EndProject
Project("{9A19103F-16F7-4668-BE54-9A1E7A4F7556}") = "String09", "String09\String09.csproj", "{EE296290-ABAE-4D9C-B0E2-65279C357C7C}"
EndProject
Project("{9A19103F-16F7-4668-BE54-9A1E7A4F7556}") = "String10", "String10\String10.csproj", "{7F5FCAD4-8E4A-48BF-8D42-825AD3F43A95}"
EndProject
Project("{9A19103F-16F7-4668-BE54-9A1E7A4F7556}") = "String11", "String11\String11.csproj", "{DF03C7C1-5539-4A8E-ADBF-2657B10C8A7C}"
EndProject
Project("{9A19103F-16F7-4668-BE54-9A1E7A4F7556}") = "String12", "String12\String12.csproj", "{3AA9A4D3-93A8-40AD-BFA1-7666650696F8}"
EndProject
Project("{9A19103F-16F7-4668-BE54-9A1E7A4F7556}") = "String13", "String13\String13.csproj", "{424DFBF0-800F-4B1E-A5E1-2B09F584D15F}"
EndProject
Project("{9A19103F-16F7-4668-BE54-9A1E7A4F7556}") = "String07.01", "String07.01\String07.01.csproj", "{142EEA6A-FC1F-42A8-BE9B-E3CAC39CD3F2}"
EndProject
Project("{9A19103F-16F7-4668-BE54-9A1E7A4F7556}") = "String19", "String19\String19.csproj", "{ECDBC37B-829C-4F5A-9870-F2D403B74921}"
EndProject
Project("{9A19103F-16F7-4668-BE54-9A1E7A4F7556}") = "String14", "String14\String14.csproj", "{F8D2D5D9-7D5E-4F2F-B49F-18BA6B4E9C16}"
EndProject
Project("{9A19103F-16F7-4668-BE54-9A1E7A4F7556}") = "String15", "String15\String15.csproj", "{A5B29A7A-ADA5-4007-B4F7-5224F51B2261}"
EndProject
Project("{9A19103F-16F7-4668-BE54-9A1E7A4F7556}") = "String21", "String21\String21.csproj", "{E2320FCD-3C33-477F-B813-234BF0A69A88}"
EndProject
Project("{9A19103F-16F7-4668-BE54-9A1E7A4F7556}") = "String16", "String16\String16.csproj", "{EDA44356-39D1-4AF6-AE94-A35EB7495352}"
EndProject
Project("{9A19103F-16F7-4668-BE54-9A1E7A4F7556}") = "String17", "String17\String17.csproj", "{F38E4F15-9BB0-431B-BBB3-11564F928133}"
EndProject
Project("{9A19103F-16F7-4668-BE54-9A1E7A4F7556}") = "String18", "String18\String18.csproj", "{A60FC6A8-A27C-437F-9BCD-B7FB9FC82359}"
EndProject
Project("{FAE04EC0-301F-11D3-BF4B-00C04F79EFBC}") = "String20", "String20\String20.csproj", "{20F0A97F-2035-41E3-8D9F-43EDEB3350BD}"
EndProject
Global
	GlobalSection(SolutionConfigurationPlatforms) = preSolution
		Debug|Any CPU = Debug|Any CPU
		Release|Any CPU = Release|Any CPU
	EndGlobalSection
	GlobalSection(ProjectConfigurationPlatforms) = postSolution
		{7370A616-350C-41A7-A228-2A18A7D3C655}.Debug|Any CPU.ActiveCfg = Debug|Any CPU
		{7370A616-350C-41A7-A228-2A18A7D3C655}.Debug|Any CPU.Build.0 = Debug|Any CPU
		{7370A616-350C-41A7-A228-2A18A7D3C655}.Release|Any CPU.ActiveCfg = Release|Any CPU
		{7370A616-350C-41A7-A228-2A18A7D3C655}.Release|Any CPU.Build.0 = Release|Any CPU
		{CC7F125C-C400-463C-A802-06B1FABFC42E}.Debug|Any CPU.ActiveCfg = Debug|Any CPU
		{CC7F125C-C400-463C-A802-06B1FABFC42E}.Debug|Any CPU.Build.0 = Debug|Any CPU
		{CC7F125C-C400-463C-A802-06B1FABFC42E}.Release|Any CPU.ActiveCfg = Release|Any CPU
		{CC7F125C-C400-463C-A802-06B1FABFC42E}.Release|Any CPU.Build.0 = Release|Any CPU
		{86D33AF0-4320-48AA-A15E-AA85F28338C1}.Debug|Any CPU.ActiveCfg = Debug|Any CPU
		{86D33AF0-4320-48AA-A15E-AA85F28338C1}.Debug|Any CPU.Build.0 = Debug|Any CPU
		{86D33AF0-4320-48AA-A15E-AA85F28338C1}.Release|Any CPU.ActiveCfg = Release|Any CPU
		{86D33AF0-4320-48AA-A15E-AA85F28338C1}.Release|Any CPU.Build.0 = Release|Any CPU
		{71961D96-EAA1-480F-AE7C-6E3825E10DD1}.Debug|Any CPU.ActiveCfg = Debug|Any CPU
		{71961D96-EAA1-480F-AE7C-6E3825E10DD1}.Debug|Any CPU.Build.0 = Debug|Any CPU
		{71961D96-EAA1-480F-AE7C-6E3825E10DD1}.Release|Any CPU.ActiveCfg = Release|Any CPU
		{71961D96-EAA1-480F-AE7C-6E3825E10DD1}.Release|Any CPU.Build.0 = Release|Any CPU
		{6750994D-5B5A-4D3E-9AB5-21EF4FD77F4E}.Debug|Any CPU.ActiveCfg = Debug|Any CPU
		{6750994D-5B5A-4D3E-9AB5-21EF4FD77F4E}.Debug|Any CPU.Build.0 = Debug|Any CPU
		{6750994D-5B5A-4D3E-9AB5-21EF4FD77F4E}.Release|Any CPU.ActiveCfg = Release|Any CPU
		{6750994D-5B5A-4D3E-9AB5-21EF4FD77F4E}.Release|Any CPU.Build.0 = Release|Any CPU
		{7099BF0F-FA6A-4B9A-A081-287CCD70AA54}.Debug|Any CPU.ActiveCfg = Debug|Any CPU
		{7099BF0F-FA6A-4B9A-A081-287CCD70AA54}.Debug|Any CPU.Build.0 = Debug|Any CPU
		{7099BF0F-FA6A-4B9A-A081-287CCD70AA54}.Release|Any CPU.ActiveCfg = Release|Any CPU
		{7099BF0F-FA6A-4B9A-A081-287CCD70AA54}.Release|Any CPU.Build.0 = Release|Any CPU
		{FB80571E-DF9A-4459-8679-D91223FD1EF9}.Debug|Any CPU.ActiveCfg = Debug|Any CPU
		{FB80571E-DF9A-4459-8679-D91223FD1EF9}.Debug|Any CPU.Build.0 = Debug|Any CPU
		{FB80571E-DF9A-4459-8679-D91223FD1EF9}.Release|Any CPU.ActiveCfg = Release|Any CPU
		{FB80571E-DF9A-4459-8679-D91223FD1EF9}.Release|Any CPU.Build.0 = Release|Any CPU
		{3F481DCE-A3F5-4AC2-90ED-C1C68E0BC230}.Debug|Any CPU.ActiveCfg = Debug|Any CPU
		{3F481DCE-A3F5-4AC2-90ED-C1C68E0BC230}.Debug|Any CPU.Build.0 = Debug|Any CPU
		{3F481DCE-A3F5-4AC2-90ED-C1C68E0BC230}.Release|Any CPU.ActiveCfg = Release|Any CPU
		{3F481DCE-A3F5-4AC2-90ED-C1C68E0BC230}.Release|Any CPU.Build.0 = Release|Any CPU
		{EE296290-ABAE-4D9C-B0E2-65279C357C7C}.Debug|Any CPU.ActiveCfg = Debug|Any CPU
		{EE296290-ABAE-4D9C-B0E2-65279C357C7C}.Debug|Any CPU.Build.0 = Debug|Any CPU
		{EE296290-ABAE-4D9C-B0E2-65279C357C7C}.Release|Any CPU.ActiveCfg = Release|Any CPU
		{EE296290-ABAE-4D9C-B0E2-65279C357C7C}.Release|Any CPU.Build.0 = Release|Any CPU
		{7F5FCAD4-8E4A-48BF-8D42-825AD3F43A95}.Debug|Any CPU.ActiveCfg = Debug|Any CPU
		{7F5FCAD4-8E4A-48BF-8D42-825AD3F43A95}.Debug|Any CPU.Build.0 = Debug|Any CPU
		{7F5FCAD4-8E4A-48BF-8D42-825AD3F43A95}.Release|Any CPU.ActiveCfg = Release|Any CPU
		{7F5FCAD4-8E4A-48BF-8D42-825AD3F43A95}.Release|Any CPU.Build.0 = Release|Any CPU
		{DF03C7C1-5539-4A8E-ADBF-2657B10C8A7C}.Debug|Any CPU.ActiveCfg = Debug|Any CPU
		{DF03C7C1-5539-4A8E-ADBF-2657B10C8A7C}.Debug|Any CPU.Build.0 = Debug|Any CPU
		{DF03C7C1-5539-4A8E-ADBF-2657B10C8A7C}.Release|Any CPU.ActiveCfg = Release|Any CPU
		{DF03C7C1-5539-4A8E-ADBF-2657B10C8A7C}.Release|Any CPU.Build.0 = Release|Any CPU
		{3AA9A4D3-93A8-40AD-BFA1-7666650696F8}.Debug|Any CPU.ActiveCfg = Debug|Any CPU
		{3AA9A4D3-93A8-40AD-BFA1-7666650696F8}.Debug|Any CPU.Build.0 = Debug|Any CPU
		{3AA9A4D3-93A8-40AD-BFA1-7666650696F8}.Release|Any CPU.ActiveCfg = Release|Any CPU
		{3AA9A4D3-93A8-40AD-BFA1-7666650696F8}.Release|Any CPU.Build.0 = Release|Any CPU
		{424DFBF0-800F-4B1E-A5E1-2B09F584D15F}.Debug|Any CPU.ActiveCfg = Debug|Any CPU
		{424DFBF0-800F-4B1E-A5E1-2B09F584D15F}.Debug|Any CPU.Build.0 = Debug|Any CPU
		{424DFBF0-800F-4B1E-A5E1-2B09F584D15F}.Release|Any CPU.ActiveCfg = Release|Any CPU
		{424DFBF0-800F-4B1E-A5E1-2B09F584D15F}.Release|Any CPU.Build.0 = Release|Any CPU
		{142EEA6A-FC1F-42A8-BE9B-E3CAC39CD3F2}.Debug|Any CPU.ActiveCfg = Debug|Any CPU
		{142EEA6A-FC1F-42A8-BE9B-E3CAC39CD3F2}.Debug|Any CPU.Build.0 = Debug|Any CPU
		{142EEA6A-FC1F-42A8-BE9B-E3CAC39CD3F2}.Release|Any CPU.ActiveCfg = Release|Any CPU
		{142EEA6A-FC1F-42A8-BE9B-E3CAC39CD3F2}.Release|Any CPU.Build.0 = Release|Any CPU
		{ECDBC37B-829C-4F5A-9870-F2D403B74921}.Debug|Any CPU.ActiveCfg = Debug|Any CPU
		{ECDBC37B-829C-4F5A-9870-F2D403B74921}.Debug|Any CPU.Build.0 = Debug|Any CPU
		{ECDBC37B-829C-4F5A-9870-F2D403B74921}.Release|Any CPU.ActiveCfg = Release|Any CPU
		{ECDBC37B-829C-4F5A-9870-F2D403B74921}.Release|Any CPU.Build.0 = Release|Any CPU
		{F8D2D5D9-7D5E-4F2F-B49F-18BA6B4E9C16}.Debug|Any CPU.ActiveCfg = Debug|Any CPU
		{F8D2D5D9-7D5E-4F2F-B49F-18BA6B4E9C16}.Debug|Any CPU.Build.0 = Debug|Any CPU
		{F8D2D5D9-7D5E-4F2F-B49F-18BA6B4E9C16}.Release|Any CPU.ActiveCfg = Release|Any CPU
		{F8D2D5D9-7D5E-4F2F-B49F-18BA6B4E9C16}.Release|Any CPU.Build.0 = Release|Any CPU
		{A5B29A7A-ADA5-4007-B4F7-5224F51B2261}.Debug|Any CPU.ActiveCfg = Debug|Any CPU
		{A5B29A7A-ADA5-4007-B4F7-5224F51B2261}.Debug|Any CPU.Build.0 = Debug|Any CPU
		{A5B29A7A-ADA5-4007-B4F7-5224F51B2261}.Release|Any CPU.ActiveCfg = Release|Any CPU
		{A5B29A7A-ADA5-4007-B4F7-5224F51B2261}.Release|Any CPU.Build.0 = Release|Any CPU
		{E2320FCD-3C33-477F-B813-234BF0A69A88}.Debug|Any CPU.ActiveCfg = Debug|Any CPU
		{E2320FCD-3C33-477F-B813-234BF0A69A88}.Debug|Any CPU.Build.0 = Debug|Any CPU
		{E2320FCD-3C33-477F-B813-234BF0A69A88}.Release|Any CPU.ActiveCfg = Release|Any CPU
		{E2320FCD-3C33-477F-B813-234BF0A69A88}.Release|Any CPU.Build.0 = Release|Any CPU
		{EDA44356-39D1-4AF6-AE94-A35EB7495352}.Debug|Any CPU.ActiveCfg = Debug|Any CPU
		{EDA44356-39D1-4AF6-AE94-A35EB7495352}.Debug|Any CPU.Build.0 = Debug|Any CPU
		{EDA44356-39D1-4AF6-AE94-A35EB7495352}.Release|Any CPU.ActiveCfg = Release|Any CPU
		{EDA44356-39D1-4AF6-AE94-A35EB7495352}.Release|Any CPU.Build.0 = Release|Any CPU
		{F38E4F15-9BB0-431B-BBB3-11564F928133}.Debug|Any CPU.ActiveCfg = Debug|Any CPU
		{F38E4F15-9BB0-431B-BBB3-11564F928133}.Debug|Any CPU.Build.0 = Debug|Any CPU
		{F38E4F15-9BB0-431B-BBB3-11564F928133}.Release|Any CPU.ActiveCfg = Release|Any CPU
		{F38E4F15-9BB0-431B-BBB3-11564F928133}.Release|Any CPU.Build.0 = Release|Any CPU
		{A60FC6A8-A27C-437F-9BCD-B7FB9FC82359}.Debug|Any CPU.ActiveCfg = Debug|Any CPU
		{A60FC6A8-A27C-437F-9BCD-B7FB9FC82359}.Debug|Any CPU.Build.0 = Debug|Any CPU
		{A60FC6A8-A27C-437F-9BCD-B7FB9FC82359}.Release|Any CPU.ActiveCfg = Release|Any CPU
		{A60FC6A8-A27C-437F-9BCD-B7FB9FC82359}.Release|Any CPU.Build.0 = Release|Any CPU
		{20F0A97F-2035-41E3-8D9F-43EDEB3350BD}.Debug|Any CPU.ActiveCfg = Debug|Any CPU
		{20F0A97F-2035-41E3-8D9F-43EDEB3350BD}.Debug|Any CPU.Build.0 = Debug|Any CPU
		{20F0A97F-2035-41E3-8D9F-43EDEB3350BD}.Release|Any CPU.ActiveCfg = Release|Any CPU
		{20F0A97F-2035-41E3-8D9F-43EDEB3350BD}.Release|Any CPU.Build.0 = Release|Any CPU
	EndGlobalSection
	GlobalSection(SolutionProperties) = preSolution
		HideSolutionNode = FALSE
	EndGlobalSection
	GlobalSection(ExtensibilityGlobals) = postSolution
		SolutionGuid = {00560342-F68D-44F5-8DDF-3DDB5AC6AD89}
	EndGlobalSection
EndGlobal
