
Microsoft Visual Studio Solution File, Format Version 12.00
# Visual Studio Version 17
VisualStudioVersion = 17.3.32901.215
MinimumVisualStudioVersion = 10.0.40219.1
Project("{9A19103F-16F7-4668-BE54-9A1E7A4F7556}") = "WebApplication3", "WebApplication3\WebApplication3.csproj", "{82D0ECCB-0285-4851-9092-E431695837B3}"
EndProject
Global
	GlobalSection(SolutionConfigurationPlatforms) = preSolution
		Debug|Any CPU = Debug|Any CPU
		Release|Any CPU = Release|Any CPU
	EndGlobalSection
	GlobalSection(ProjectConfigurationPlatforms) = postSolution
		{82D0ECCB-0285-4851-9092-E431695837B3}.Debug|Any CPU.ActiveCfg = Debug|Any CPU
		{82D0ECCB-0285-4851-9092-E431695837B3}.Debug|Any CPU.Build.0 = Debug|Any CPU
		{82D0ECCB-0285-4851-9092-E431695837B3}.Release|Any CPU.ActiveCfg = Release|Any CPU
		{82D0ECCB-0285-4851-9092-E431695837B3}.Release|Any CPU.Build.0 = Release|Any CPU
	EndGlobalSection
	GlobalSection(SolutionProperties) = preSolution
		HideSolutionNode = FALSE
	EndGlobalSection
	GlobalSection(ExtensibilityGlobals) = postSolution
		SolutionGuid = {2597529C-3951-43D3-A01B-E62C21B9006E}
	EndGlobalSection
EndGlobal
