
Microsoft Visual Studio Solution File, Format Version 12.00
# Visual Studio Version 17
VisualStudioVersion = 17.5.33516.290
MinimumVisualStudioVersion = 10.0.40219.1
Project("{9A19103F-16F7-4668-BE54-9A1E7A4F7556}") = "ExamenObjetos", "ExamenObjetos\ExamenObjetos.csproj", "{D14ADFE2-41C0-4BC8-B012-EFCB29A7B155}"
EndProject
Global
	GlobalSection(SolutionConfigurationPlatforms) = preSolution
		Debug|Any CPU = Debug|Any CPU
		Release|Any CPU = Release|Any CPU
	EndGlobalSection
	GlobalSection(ProjectConfigurationPlatforms) = postSolution
		{D14ADFE2-41C0-4BC8-B012-EFCB29A7B155}.Debug|Any CPU.ActiveCfg = Debug|Any CPU
		{D14ADFE2-41C0-4BC8-B012-EFCB29A7B155}.Debug|Any CPU.Build.0 = Debug|Any CPU
		{D14ADFE2-41C0-4BC8-B012-EFCB29A7B155}.Release|Any CPU.ActiveCfg = Release|Any CPU
		{D14ADFE2-41C0-4BC8-B012-EFCB29A7B155}.Release|Any CPU.Build.0 = Release|Any CPU
	EndGlobalSection
	GlobalSection(SolutionProperties) = preSolution
		HideSolutionNode = FALSE
	EndGlobalSection
	GlobalSection(ExtensibilityGlobals) = postSolution
		SolutionGuid = {8D9AD2DA-E5FF-4B89-9259-8B888CFBB46F}
	EndGlobalSection
EndGlobal
