
Microsoft Visual Studio Solution File, Format Version 12.00
# Visual Studio Version 17
VisualStudioVersion = 17.4.33213.308
MinimumVisualStudioVersion = 10.0.40219.1
Project("{FAE04EC0-301F-11D3-BF4B-00C04F79EFBC}") = "String021", "String021\String021.csproj", "{3A988780-E282-46B7-A9DF-A13224437F1C}"
EndProject
Global
	GlobalSection(SolutionConfigurationPlatforms) = preSolution
		Debug|Any CPU = Debug|Any CPU
		Release|Any CPU = Release|Any CPU
	EndGlobalSection
	GlobalSection(ProjectConfigurationPlatforms) = postSolution
		{3A988780-E282-46B7-A9DF-A13224437F1C}.Debug|Any CPU.ActiveCfg = Debug|Any CPU
		{3A988780-E282-46B7-A9DF-A13224437F1C}.Debug|Any CPU.Build.0 = Debug|Any CPU
		{3A988780-E282-46B7-A9DF-A13224437F1C}.Release|Any CPU.ActiveCfg = Release|Any CPU
		{3A988780-E282-46B7-A9DF-A13224437F1C}.Release|Any CPU.Build.0 = Release|Any CPU
	EndGlobalSection
	GlobalSection(SolutionProperties) = preSolution
		HideSolutionNode = FALSE
	EndGlobalSection
	GlobalSection(ExtensibilityGlobals) = postSolution
		SolutionGuid = {357CB697-8D12-48B3-B352-0D4482837441}
	EndGlobalSection
EndGlobal
