
Microsoft Visual Studio Solution File, Format Version 12.00
# Visual Studio Version 17
VisualStudioVersion = 17.4.33213.308
MinimumVisualStudioVersion = 10.0.40219.1
Project("{FAE04EC0-301F-11D3-BF4B-00C04F79EFBC}") = "EjericicoPairPrograming1", "EjericicoPairPrograming1\EjericicoPairPrograming1.csproj", "{9D69885C-D2CB-4B01-A51B-F4CFD2B18347}"
EndProject
Global
	GlobalSection(SolutionConfigurationPlatforms) = preSolution
		Debug|Any CPU = Debug|Any CPU
		Release|Any CPU = Release|Any CPU
	EndGlobalSection
	GlobalSection(ProjectConfigurationPlatforms) = postSolution
		{9D69885C-D2CB-4B01-A51B-F4CFD2B18347}.Debug|Any CPU.ActiveCfg = Debug|Any CPU
		{9D69885C-D2CB-4B01-A51B-F4CFD2B18347}.Debug|Any CPU.Build.0 = Debug|Any CPU
		{9D69885C-D2CB-4B01-A51B-F4CFD2B18347}.Release|Any CPU.ActiveCfg = Release|Any CPU
		{9D69885C-D2CB-4B01-A51B-F4CFD2B18347}.Release|Any CPU.Build.0 = Release|Any CPU
	EndGlobalSection
	GlobalSection(SolutionProperties) = preSolution
		HideSolutionNode = FALSE
	EndGlobalSection
	GlobalSection(ExtensibilityGlobals) = postSolution
		SolutionGuid = {3558DA30-8032-41A5-BDD4-D8A8B1495E61}
	EndGlobalSection
EndGlobal
